
Microsoft Visual Studio Solution File, Format Version 12.00
# Visual Studio Version 17
VisualStudioVersion = 17.11.35222.181
MinimumVisualStudioVersion = 10.0.40219.1
Project("{FAE04EC0-301F-11D3-BF4B-00C04F79EFBC}") = "Practica2AutoMapper", "Practica2AutoMapper\Practica2AutoMapper.csproj", "{F3CC82F3-D233-4B52-90D8-833B3D508B18}"
EndProject
Global
	GlobalSection(SolutionConfigurationPlatforms) = preSolution
		Debug|Any CPU = Debug|Any CPU
		Release|Any CPU = Release|Any CPU
	EndGlobalSection
	GlobalSection(ProjectConfigurationPlatforms) = postSolution
		{F3CC82F3-D233-4B52-90D8-833B3D508B18}.Debug|Any CPU.ActiveCfg = Debug|Any CPU
		{F3CC82F3-D233-4B52-90D8-833B3D508B18}.Debug|Any CPU.Build.0 = Debug|Any CPU
		{F3CC82F3-D233-4B52-90D8-833B3D508B18}.Release|Any CPU.ActiveCfg = Release|Any CPU
		{F3CC82F3-D233-4B52-90D8-833B3D508B18}.Release|Any CPU.Build.0 = Release|Any CPU
	EndGlobalSection
	GlobalSection(SolutionProperties) = preSolution
		HideSolutionNode = FALSE
	EndGlobalSection
	GlobalSection(ExtensibilityGlobals) = postSolution
		SolutionGuid = {BE1C90AB-2D8F-48F1-908A-2C24CAD88BAF}
	EndGlobalSection
EndGlobal
